
Microsoft Visual Studio Solution File, Format Version 12.00
# Visual Studio 15
VisualStudioVersion = 15.0.28307.539
MinimumVisualStudioVersion = 10.0.40219.1
Project("{FAE04EC0-301F-11D3-BF4B-00C04F79EFBC}") = "InflationAPI", "InflationAPI\InflationAPI.csproj", "{7916A86A-2343-431A-AE0A-13822425805F}"
EndProject
Global
	GlobalSection(SolutionConfigurationPlatforms) = preSolution
		Debug|Any CPU = Debug|Any CPU
		Release|Any CPU = Release|Any CPU
	EndGlobalSection
	GlobalSection(ProjectConfigurationPlatforms) = postSolution
		{7916A86A-2343-431A-AE0A-13822425805F}.Debug|Any CPU.ActiveCfg = Debug|Any CPU
		{7916A86A-2343-431A-AE0A-13822425805F}.Debug|Any CPU.Build.0 = Debug|Any CPU
		{7916A86A-2343-431A-AE0A-13822425805F}.Release|Any CPU.ActiveCfg = Release|Any CPU
		{7916A86A-2343-431A-AE0A-13822425805F}.Release|Any CPU.Build.0 = Release|Any CPU
	EndGlobalSection
	GlobalSection(SolutionProperties) = preSolution
		HideSolutionNode = FALSE
	EndGlobalSection
	GlobalSection(ExtensibilityGlobals) = postSolution
		SolutionGuid = {6F6959E8-A762-4423-8D77-CACB1AB1A249}
	EndGlobalSection
EndGlobal
